
Microsoft Visual Studio Solution File, Format Version 12.00
# Visual Studio Express 15 for Windows Desktop
VisualStudioVersion = 15.0.34829.251
MinimumVisualStudioVersion = 10.0.40219.1
Project("{FAE04EC0-301F-11D3-BF4B-00C04F79EFBC}") = "Desafio", "Desafio\Desafio.csproj", "{72915A02-9D13-48C9-93A4-2B1B282632C5}"
EndProject
Global
	GlobalSection(SolutionConfigurationPlatforms) = preSolution
		Debug|Any CPU = Debug|Any CPU
		Release|Any CPU = Release|Any CPU
	EndGlobalSection
	GlobalSection(ProjectConfigurationPlatforms) = postSolution
		{72915A02-9D13-48C9-93A4-2B1B282632C5}.Debug|Any CPU.ActiveCfg = Debug|Any CPU
		{72915A02-9D13-48C9-93A4-2B1B282632C5}.Debug|Any CPU.Build.0 = Debug|Any CPU
		{72915A02-9D13-48C9-93A4-2B1B282632C5}.Release|Any CPU.ActiveCfg = Release|Any CPU
		{72915A02-9D13-48C9-93A4-2B1B282632C5}.Release|Any CPU.Build.0 = Release|Any CPU
	EndGlobalSection
	GlobalSection(SolutionProperties) = preSolution
		HideSolutionNode = FALSE
	EndGlobalSection
	GlobalSection(ExtensibilityGlobals) = postSolution
		SolutionGuid = {C6229D70-BDA0-4C25-904E-33A24EDA9B8A}
	EndGlobalSection
EndGlobal
